// !$*UTF8*$!
{
	archiveVersion = 1;
	classes = {
	};
	objectVersion = 50;
	objects = {

/* Begin PBXBuildFile section */
		073F79CA26D0CB1B00894F63 /* QuizGenList.swift in Sources */ = {isa = PBXBuildFile; fileRef = 073F79C426D0CB1B00894F63 /* QuizGenList.swift */; };
		073F79CB26D0CB1B00894F63 /* ColourImage.swift in Sources */ = {isa = PBXBuildFile; fileRef = 073F79C526D0CB1B00894F63 /* ColourImage.swift */; };
		073F79CC26D0CB1B00894F63 /* PokedexGenList.swift in Sources */ = {isa = PBXBuildFile; fileRef = 073F79C626D0CB1B00894F63 /* PokedexGenList.swift */; };
		073F79CD26D0CB1B00894F63 /* CircleImage.swift in Sources */ = {isa = PBXBuildFile; fileRef = 073F79C726D0CB1B00894F63 /* CircleImage.swift */; };
		073F79CE26D0CB1B00894F63 /* Gen1Pokedex.swift in Sources */ = {isa = PBXBuildFile; fileRef = 073F79C826D0CB1B00894F63 /* Gen1Pokedex.swift */; };
		073F79CF26D0CB1B00894F63 /* Gen2Quiz.swift in Sources */ = {isa = PBXBuildFile; fileRef = 073F79C926D0CB1B00894F63 /* Gen2Quiz.swift */; };
		07BDB0DA26CE2D51004B2408 /* Gen1Data.json in Resources */ = {isa = PBXBuildFile; fileRef = 07BDB0D926CE2D51004B2408 /* Gen1Data.json */; };
		07E547D926CE098A0053A30A /* Gen1Quiz.swift in Sources */ = {isa = PBXBuildFile; fileRef = 07E547D826CE098A0053A30A /* Gen1Quiz.swift */; };
		07E547EB26CE0E630053A30A /* PokdexDetail.swift in Sources */ = {isa = PBXBuildFile; fileRef = 07E547EA26CE0E630053A30A /* PokdexDetail.swift */; };
		07E547EF26CE0EA00053A30A /* ModelData.swift in Sources */ = {isa = PBXBuildFile; fileRef = 07E547EE26CE0EA00053A30A /* ModelData.swift */; };
		07E547F326CE0F650053A30A /* WelcomeScreen.swift in Sources */ = {isa = PBXBuildFile; fileRef = 07E547F226CE0F650053A30A /* WelcomeScreen.swift */; };
		07E547F526CE0F8B0053A30A /* HomeScreen.swift in Sources */ = {isa = PBXBuildFile; fileRef = 07E547F426CE0F8B0053A30A /* HomeScreen.swift */; };
		07E547F726CE105B0053A30A /* Pokemon.swift in Sources */ = {isa = PBXBuildFile; fileRef = 07E547F626CE105B0053A30A /* Pokemon.swift */; };
		07E547F926CE185E0053A30A /* PokedexRow.swift in Sources */ = {isa = PBXBuildFile; fileRef = 07E547F826CE185E0053A30A /* PokedexRow.swift */; };
		803CA286270452F200460A99 /* Assets.xcassets in Resources */ = {isa = PBXBuildFile; fileRef = 803CA285270452F100460A99 /* Assets.xcassets */; };
		8046126426D1F6E7001F7176 /* Gen3Quiz.swift in Sources */ = {isa = PBXBuildFile; fileRef = 8046126326D1F6E7001F7176 /* Gen3Quiz.swift */; };
		8046126626D2131B001F7176 /* AllGenQuiz.swift in Sources */ = {isa = PBXBuildFile; fileRef = 8046126526D2131B001F7176 /* AllGenQuiz.swift */; };
		8051BBB226CC5DED006DC7F4 /* Pokemon_QuizApp.swift in Sources */ = {isa = PBXBuildFile; fileRef = 8051BBB126CC5DED006DC7F4 /* Pokemon_QuizApp.swift */; };
		8051BBB426CC5DED006DC7F4 /* ContentView.swift in Sources */ = {isa = PBXBuildFile; fileRef = 8051BBB326CC5DED006DC7F4 /* ContentView.swift */; };
		8051BBB926CC5DF3006DC7F4 /* Preview Assets.xcassets in Resources */ = {isa = PBXBuildFile; fileRef = 8051BBB826CC5DF3006DC7F4 /* Preview Assets.xcassets */; };
/* End PBXBuildFile section */

/* Begin PBXFileReference section */
		073F79C426D0CB1B00894F63 /* QuizGenList.swift */ = {isa = PBXFileReference; fileEncoding = 4; lastKnownFileType = sourcecode.swift; path = QuizGenList.swift; sourceTree = "<group>"; };
		073F79C526D0CB1B00894F63 /* ColourImage.swift */ = {isa = PBXFileReference; fileEncoding = 4; lastKnownFileType = sourcecode.swift; path = ColourImage.swift; sourceTree = "<group>"; };
		073F79C626D0CB1B00894F63 /* PokedexGenList.swift */ = {isa = PBXFileReference; fileEncoding = 4; lastKnownFileType = sourcecode.swift; path = PokedexGenList.swift; sourceTree = "<group>"; };
		073F79C726D0CB1B00894F63 /* CircleImage.swift */ = {isa = PBXFileReference; fileEncoding = 4; lastKnownFileType = sourcecode.swift; path = CircleImage.swift; sourceTree = "<group>"; };
		073F79C826D0CB1B00894F63 /* Gen1Pokedex.swift */ = {isa = PBXFileReference; fileEncoding = 4; lastKnownFileType = sourcecode.swift; path = Gen1Pokedex.swift; sourceTree = "<group>"; };
		073F79C926D0CB1B00894F63 /* Gen2Quiz.swift */ = {isa = PBXFileReference; fileEncoding = 4; lastKnownFileType = sourcecode.swift; path = Gen2Quiz.swift; sourceTree = "<group>"; };
		07BDB0D926CE2D51004B2408 /* Gen1Data.json */ = {isa = PBXFileReference; fileEncoding = 4; lastKnownFileType = text.json; path = Gen1Data.json; sourceTree = "<group>"; };
		07E547D826CE098A0053A30A /* Gen1Quiz.swift */ = {isa = PBXFileReference; lastKnownFileType = sourcecode.swift; path = Gen1Quiz.swift; sourceTree = "<group>"; };
		07E547EA26CE0E630053A30A /* PokdexDetail.swift */ = {isa = PBXFileReference; lastKnownFileType = sourcecode.swift; path = PokdexDetail.swift; sourceTree = "<group>"; };
		07E547EE26CE0EA00053A30A /* ModelData.swift */ = {isa = PBXFileReference; lastKnownFileType = sourcecode.swift; path = ModelData.swift; sourceTree = "<group>"; };
		07E547F226CE0F650053A30A /* WelcomeScreen.swift */ = {isa = PBXFileReference; lastKnownFileType = sourcecode.swift; path = WelcomeScreen.swift; sourceTree = "<group>"; };
		07E547F426CE0F8B0053A30A /* HomeScreen.swift */ = {isa = PBXFileReference; lastKnownFileType = sourcecode.swift; path = HomeScreen.swift; sourceTree = "<group>"; };
		07E547F626CE105B0053A30A /* Pokemon.swift */ = {isa = PBXFileReference; lastKnownFileType = sourcecode.swift; path = Pokemon.swift; sourceTree = "<group>"; };
		07E547F826CE185E0053A30A /* PokedexRow.swift */ = {isa = PBXFileReference; lastKnownFileType = sourcecode.swift; path = PokedexRow.swift; sourceTree = "<group>"; };
		803CA285270452F100460A99 /* Assets.xcassets */ = {isa = PBXFileReference; lastKnownFileType = folder.assetcatalog; path = Assets.xcassets; sourceTree = "<group>"; };
		8046126326D1F6E7001F7176 /* Gen3Quiz.swift */ = {isa = PBXFileReference; lastKnownFileType = sourcecode.swift; path = Gen3Quiz.swift; sourceTree = "<group>"; };
		8046126526D2131B001F7176 /* AllGenQuiz.swift */ = {isa = PBXFileReference; lastKnownFileType = sourcecode.swift; path = AllGenQuiz.swift; sourceTree = "<group>"; };
		8051BBAE26CC5DED006DC7F4 /* Pokemon Quiz.app */ = {isa = PBXFileReference; explicitFileType = wrapper.application; includeInIndex = 0; path = "Pokemon Quiz.app"; sourceTree = BUILT_PRODUCTS_DIR; };
		8051BBB126CC5DED006DC7F4 /* Pokemon_QuizApp.swift */ = {isa = PBXFileReference; lastKnownFileType = sourcecode.swift; path = Pokemon_QuizApp.swift; sourceTree = "<group>"; };
		8051BBB326CC5DED006DC7F4 /* ContentView.swift */ = {isa = PBXFileReference; lastKnownFileType = sourcecode.swift; path = ContentView.swift; sourceTree = "<group>"; };
		8051BBB826CC5DF3006DC7F4 /* Preview Assets.xcassets */ = {isa = PBXFileReference; lastKnownFileType = folder.assetcatalog; path = "Preview Assets.xcassets"; sourceTree = "<group>"; };
		8051BBBA26CC5DF3006DC7F4 /* Info.plist */ = {isa = PBXFileReference; lastKnownFileType = text.plist.xml; path = Info.plist; sourceTree = "<group>"; };
/* End PBXFileReference section */

/* Begin PBXFrameworksBuildPhase section */
		8051BBAB26CC5DED006DC7F4 /* Frameworks */ = {
			isa = PBXFrameworksBuildPhase;
			buildActionMask = 2147483647;
			files = (
			);
			runOnlyForDeploymentPostprocessing = 0;
		};
/* End PBXFrameworksBuildPhase section */

/* Begin PBXGroup section */
		07E547D326CDF2170053A30A /* Views */ = {
			isa = PBXGroup;
			children = (
				8051BBB326CC5DED006DC7F4 /* ContentView.swift */,
				07E547F226CE0F650053A30A /* WelcomeScreen.swift */,
				07E547F426CE0F8B0053A30A /* HomeScreen.swift */,
				073F79C626D0CB1B00894F63 /* PokedexGenList.swift */,
				073F79C426D0CB1B00894F63 /* QuizGenList.swift */,
				073F79C826D0CB1B00894F63 /* Gen1Pokedex.swift */,
				07E547D826CE098A0053A30A /* Gen1Quiz.swift */,
				073F79C926D0CB1B00894F63 /* Gen2Quiz.swift */,
				8046126326D1F6E7001F7176 /* Gen3Quiz.swift */,
				8046126526D2131B001F7176 /* AllGenQuiz.swift */,
				07E547EA26CE0E630053A30A /* PokdexDetail.swift */,
				07E547F826CE185E0053A30A /* PokedexRow.swift */,
				073F79C726D0CB1B00894F63 /* CircleImage.swift */,
				073F79C526D0CB1B00894F63 /* ColourImage.swift */,
			);
			path = Views;
			sourceTree = "<group>";
		};
		07E547D426CDF2290053A30A /* Models */ = {
			isa = PBXGroup;
			children = (
				07E547F626CE105B0053A30A /* Pokemon.swift */,
				07E547EE26CE0EA00053A30A /* ModelData.swift */,
			);
			path = Models;
			sourceTree = "<group>";
		};
		07E547D526CDF2320053A30A /* Resources */ = {
			isa = PBXGroup;
			children = (
				07BDB0D926CE2D51004B2408 /* Gen1Data.json */,
			);
			path = Resources;
			sourceTree = "<group>";
		};
		8051BBA526CC5DED006DC7F4 = {
			isa = PBXGroup;
			children = (
				8051BBB026CC5DED006DC7F4 /* Pokemon Quiz */,
				8051BBAF26CC5DED006DC7F4 /* Products */,
			);
			sourceTree = "<group>";
		};
		8051BBAF26CC5DED006DC7F4 /* Products */ = {
			isa = PBXGroup;
			children = (
				8051BBAE26CC5DED006DC7F4 /* Pokemon Quiz.app */,
			);
			name = Products;
			sourceTree = "<group>";
		};
		8051BBB026CC5DED006DC7F4 /* Pokemon Quiz */ = {
			isa = PBXGroup;
			children = (
				8051BBB126CC5DED006DC7F4 /* Pokemon_QuizApp.swift */,
				07E547D326CDF2170053A30A /* Views */,
				07E547D426CDF2290053A30A /* Models */,
				07E547D526CDF2320053A30A /* Resources */,
				803CA285270452F100460A99 /* Assets.xcassets */,
				8051BBBA26CC5DF3006DC7F4 /* Info.plist */,
				8051BBB726CC5DF3006DC7F4 /* Preview Content */,
			);
			path = "Pokemon Quiz";
			sourceTree = "<group>";
		};
		8051BBB726CC5DF3006DC7F4 /* Preview Content */ = {
			isa = PBXGroup;
			children = (
				8051BBB826CC5DF3006DC7F4 /* Preview Assets.xcassets */,
			);
			path = "Preview Content";
			sourceTree = "<group>";
		};
/* End PBXGroup section */

/* Begin PBXNativeTarget section */
		8051BBAD26CC5DED006DC7F4 /* Pokemon Quiz */ = {
			isa = PBXNativeTarget;
			buildConfigurationList = 8051BBBD26CC5DF3006DC7F4 /* Build configuration list for PBXNativeTarget "Pokemon Quiz" */;
			buildPhases = (
				8051BBAA26CC5DED006DC7F4 /* Sources */,
				8051BBAB26CC5DED006DC7F4 /* Frameworks */,
				8051BBAC26CC5DED006DC7F4 /* Resources */,
			);
			buildRules = (
			);
			dependencies = (
			);
			name = "Pokemon Quiz";
			productName = "Pokemon Quiz";
			productReference = 8051BBAE26CC5DED006DC7F4 /* Pokemon Quiz.app */;
			productType = "com.apple.product-type.application";
		};
/* End PBXNativeTarget section */

/* Begin PBXProject section */
		8051BBA626CC5DED006DC7F4 /* Project object */ = {
			isa = PBXProject;
			attributes = {
				LastSwiftUpdateCheck = 1250;
				LastUpgradeCheck = 1250;
				TargetAttributes = {
					8051BBAD26CC5DED006DC7F4 = {
						CreatedOnToolsVersion = 12.5.1;
					};
				};
			};
			buildConfigurationList = 8051BBA926CC5DED006DC7F4 /* Build configuration list for PBXProject "Pokemon Quiz" */;
			compatibilityVersion = "Xcode 9.3";
			developmentRegion = en;
			hasScannedForEncodings = 0;
			knownRegions = (
				en,
				Base,
			);
			mainGroup = 8051BBA526CC5DED006DC7F4;
			productRefGroup = 8051BBAF26CC5DED006DC7F4 /* Products */;
			projectDirPath = "";
			projectRoot = "";
			targets = (
				8051BBAD26CC5DED006DC7F4 /* Pokemon Quiz */,
			);
		};
/* End PBXProject section */

/* Begin PBXResourcesBuildPhase section */
		8051BBAC26CC5DED006DC7F4 /* Resources */ = {
			isa = PBXResourcesBuildPhase;
			buildActionMask = 2147483647;
			files = (
				07BDB0DA26CE2D51004B2408 /* Gen1Data.json in Resources */,
				803CA286270452F200460A99 /* Assets.xcassets in Resources */,
				8051BBB926CC5DF3006DC7F4 /* Preview Assets.xcassets in Resources */,
			);
			runOnlyForDeploymentPostprocessing = 0;
		};
/* End PBXResourcesBuildPhase section */

/* Begin PBXSourcesBuildPhase section */
		8051BBAA26CC5DED006DC7F4 /* Sources */ = {
			isa = PBXSourcesBuildPhase;
			buildActionMask = 2147483647;
			files = (
				07E547F726CE105B0053A30A /* Pokemon.swift in Sources */,
				8046126626D2131B001F7176 /* AllGenQuiz.swift in Sources */,
				07E547EF26CE0EA00053A30A /* ModelData.swift in Sources */,
				073F79CE26D0CB1B00894F63 /* Gen1Pokedex.swift in Sources */,
				07E547F326CE0F650053A30A /* WelcomeScreen.swift in Sources */,
				8051BBB426CC5DED006DC7F4 /* ContentView.swift in Sources */,
				073F79CA26D0CB1B00894F63 /* QuizGenList.swift in Sources */,
				073F79CB26D0CB1B00894F63 /* ColourImage.swift in Sources */,
				07E547D926CE098A0053A30A /* Gen1Quiz.swift in Sources */,
				073F79CC26D0CB1B00894F63 /* PokedexGenList.swift in Sources */,
				8051BBB226CC5DED006DC7F4 /* Pokemon_QuizApp.swift in Sources */,
				07E547F926CE185E0053A30A /* PokedexRow.swift in Sources */,
				07E547F526CE0F8B0053A30A /* HomeScreen.swift in Sources */,
				07E547EB26CE0E630053A30A /* PokdexDetail.swift in Sources */,
				073F79CD26D0CB1B00894F63 /* CircleImage.swift in Sources */,
				073F79CF26D0CB1B00894F63 /* Gen2Quiz.swift in Sources */,
				8046126426D1F6E7001F7176 /* Gen3Quiz.swift in Sources */,
			);
			runOnlyForDeploymentPostprocessing = 0;
		};
/* End PBXSourcesBuildPhase section */

/* Begin XCBuildConfiguration section */
		8051BBBB26CC5DF3006DC7F4 /* Debug */ = {
			isa = XCBuildConfiguration;
			buildSettings = {
				ALWAYS_SEARCH_USER_PATHS = NO;
				CLANG_ANALYZER_NONNULL = YES;
				CLANG_ANALYZER_NUMBER_OBJECT_CONVERSION = YES_AGGRESSIVE;
				CLANG_CXX_LANGUAGE_STANDARD = "gnu++14";
				CLANG_CXX_LIBRARY = "libc++";
				CLANG_ENABLE_MODULES = YES;
				CLANG_ENABLE_OBJC_ARC = YES;
				CLANG_ENABLE_OBJC_WEAK = YES;
				CLANG_WARN_BLOCK_CAPTURE_AUTORELEASING = YES;
				CLANG_WARN_BOOL_CONVERSION = YES;
				CLANG_WARN_COMMA = YES;
				CLANG_WARN_CONSTANT_CONVERSION = YES;
				CLANG_WARN_DEPRECATED_OBJC_IMPLEMENTATIONS = YES;
				CLANG_WARN_DIRECT_OBJC_ISA_USAGE = YES_ERROR;
				CLANG_WARN_DOCUMENTATION_COMMENTS = YES;
				CLANG_WARN_EMPTY_BODY = YES;
				CLANG_WARN_ENUM_CONVERSION = YES;
				CLANG_WARN_INFINITE_RECURSION = YES;
				CLANG_WARN_INT_CONVERSION = YES;
				CLANG_WARN_NON_LITERAL_NULL_CONVERSION = YES;
				CLANG_WARN_OBJC_IMPLICIT_RETAIN_SELF = YES;
				CLANG_WARN_OBJC_LITERAL_CONVERSION = YES;
				CLANG_WARN_OBJC_ROOT_CLASS = YES_ERROR;
				CLANG_WARN_QUOTED_INCLUDE_IN_FRAMEWORK_HEADER = YES;
				CLANG_WARN_RANGE_LOOP_ANALYSIS = YES;
				CLANG_WARN_STRICT_PROTOTYPES = YES;
				CLANG_WARN_SUSPICIOUS_MOVE = YES;
				CLANG_WARN_UNGUARDED_AVAILABILITY = YES_AGGRESSIVE;
				CLANG_WARN_UNREACHABLE_CODE = YES;
				CLANG_WARN__DUPLICATE_METHOD_MATCH = YES;
				COPY_PHASE_STRIP = NO;
				DEBUG_INFORMATION_FORMAT = dwarf;
				ENABLE_STRICT_OBJC_MSGSEND = YES;
				ENABLE_TESTABILITY = YES;
				GCC_C_LANGUAGE_STANDARD = gnu11;
				GCC_DYNAMIC_NO_PIC = NO;
				GCC_NO_COMMON_BLOCKS = YES;
				GCC_OPTIMIZATION_LEVEL = 0;
				GCC_PREPROCESSOR_DEFINITIONS = (
					"DEBUG=1",
					"$(inherited)",
				);
				GCC_WARN_64_TO_32_BIT_CONVERSION = YES;
				GCC_WARN_ABOUT_RETURN_TYPE = YES_ERROR;
				GCC_WARN_UNDECLARED_SELECTOR = YES;
				GCC_WARN_UNINITIALIZED_AUTOS = YES_AGGRESSIVE;
				GCC_WARN_UNUSED_FUNCTION = YES;
				GCC_WARN_UNUSED_VARIABLE = YES;
				IPHONEOS_DEPLOYMENT_TARGET = 14.5;
				MTL_ENABLE_DEBUG_INFO = INCLUDE_SOURCE;
				MTL_FAST_MATH = YES;
				ONLY_ACTIVE_ARCH = YES;
				SDKROOT = iphoneos;
				SWIFT_ACTIVE_COMPILATION_CONDITIONS = DEBUG;
				SWIFT_OPTIMIZATION_LEVEL = "-Onone";
			};
			name = Debug;
		};
		8051BBBC26CC5DF3006DC7F4 /* Release */ = {
			isa = XCBuildConfiguration;
			buildSettings = {
				ALWAYS_SEARCH_USER_PATHS = NO;
				CLANG_ANALYZER_NONNULL = YES;
				CLANG_ANALYZER_NUMBER_OBJECT_CONVERSION = YES_AGGRESSIVE;
				CLANG_CXX_LANGUAGE_STANDARD = "gnu++14";
				CLANG_CXX_LIBRARY = "libc++";
				CLANG_ENABLE_MODULES = YES;
				CLANG_ENABLE_OBJC_ARC = YES;
				CLANG_ENABLE_OBJC_WEAK = YES;
				CLANG_WARN_BLOCK_CAPTURE_AUTORELEASING = YES;
				CLANG_WARN_BOOL_CONVERSION = YES;
				CLANG_WARN_COMMA = YES;
				CLANG_WARN_CONSTANT_CONVERSION = YES;
				CLANG_WARN_DEPRECATED_OBJC_IMPLEMENTATIONS = YES;
				CLANG_WARN_DIRECT_OBJC_ISA_USAGE = YES_ERROR;
				CLANG_WARN_DOCUMENTATION_COMMENTS = YES;
				CLANG_WARN_EMPTY_BODY = YES;
				CLANG_WARN_ENUM_CONVERSION = YES;
				CLANG_WARN_INFINITE_RECURSION = YES;
				CLANG_WARN_INT_CONVERSION = YES;
				CLANG_WARN_NON_LITERAL_NULL_CONVERSION = YES;
				CLANG_WARN_OBJC_IMPLICIT_RETAIN_SELF = YES;
				CLANG_WARN_OBJC_LITERAL_CONVERSION = YES;
				CLANG_WARN_OBJC_ROOT_CLASS = YES_ERROR;
				CLANG_WARN_QUOTED_INCLUDE_IN_FRAMEWORK_HEADER = YES;
				CLANG_WARN_RANGE_LOOP_ANALYSIS = YES;
				CLANG_WARN_STRICT_PROTOTYPES = YES;
				CLANG_WARN_SUSPICIOUS_MOVE = YES;
				CLANG_WARN_UNGUARDED_AVAILABILITY = YES_AGGRESSIVE;
				CLANG_WARN_UNREACHABLE_CODE = YES;
				CLANG_WARN__DUPLICATE_METHOD_MATCH = YES;
				COPY_PHASE_STRIP = NO;
				DEBUG_INFORMATION_FORMAT = "dwarf-with-dsym";
				ENABLE_NS_ASSERTIONS = NO;
				ENABLE_STRICT_OBJC_MSGSEND = YES;
				GCC_C_LANGUAGE_STANDARD = gnu11;
				GCC_NO_COMMON_BLOCKS = YES;
				GCC_WARN_64_TO_32_BIT_CONVERSION = YES;
				GCC_WARN_ABOUT_RETURN_TYPE = YES_ERROR;
				GCC_WARN_UNDECLARED_SELECTOR = YES;
				GCC_WARN_UNINITIALIZED_AUTOS = YES_AGGRESSIVE;
				GCC_WARN_UNUSED_FUNCTION = YES;
				GCC_WARN_UNUSED_VARIABLE = YES;
				IPHONEOS_DEPLOYMENT_TARGET = 14.5;
				MTL_ENABLE_DEBUG_INFO = NO;
				MTL_FAST_MATH = YES;
				SDKROOT = iphoneos;
				SWIFT_COMPILATION_MODE = wholemodule;
				SWIFT_OPTIMIZATION_LEVEL = "-O";
				VALIDATE_PRODUCT = YES;
			};
			name = Release;
		};
		8051BBBE26CC5DF3006DC7F4 /* Debug */ = {
			isa = XCBuildConfiguration;
			buildSettings = {
				ASSETCATALOG_COMPILER_APPICON_NAME = AppIcon;
				ASSETCATALOG_COMPILER_GLOBAL_ACCENT_COLOR_NAME = AccentColor;
				CODE_SIGN_STYLE = Automatic;
				DEVELOPMENT_ASSET_PATHS = "\"Pokemon Quiz/Preview Content\"";
				DEVELOPMENT_TEAM = SJCKASAYS2;
				ENABLE_PREVIEWS = YES;
				INFOPLIST_FILE = "Pokemon Quiz/Info.plist";
				IPHONEOS_DEPLOYMENT_TARGET = 14.0;
				LD_RUNPATH_SEARCH_PATHS = (
					"$(inherited)",
					"@executable_path/Frameworks",
				);
				PRODUCT_BUNDLE_IDENTIFIER = "com.ashbronca.Pokemon-Quiz";
				PRODUCT_NAME = "$(TARGET_NAME)";
				SWIFT_VERSION = 5.0;
				TARGETED_DEVICE_FAMILY = "1,2";
			};
			name = Debug;
		};
		8051BBBF26CC5DF3006DC7F4 /* Release */ = {
			isa = XCBuildConfiguration;
			buildSettings = {
				ASSETCATALOG_COMPILER_APPICON_NAME = AppIcon;
				ASSETCATALOG_COMPILER_GLOBAL_ACCENT_COLOR_NAME = AccentColor;
				CODE_SIGN_STYLE = Automatic;
				DEVELOPMENT_ASSET_PATHS = "\"Pokemon Quiz/Preview Content\"";
				DEVELOPMENT_TEAM = SJCKASAYS2;
				ENABLE_PREVIEWS = YES;
				INFOPLIST_FILE = "Pokemon Quiz/Info.plist";
				IPHONEOS_DEPLOYMENT_TARGET = 14.0;
				LD_RUNPATH_SEARCH_PATHS = (
					"$(inherited)",
					"@executable_path/Frameworks",
				);
				PRODUCT_BUNDLE_IDENTIFIER = "com.ashbronca.Pokemon-Quiz";
				PRODUCT_NAME = "$(TARGET_NAME)";
				SWIFT_VERSION = 5.0;
				TARGETED_DEVICE_FAMILY = "1,2";
			};
			name = Release;
		};
/* End XCBuildConfiguration section */

/* Begin XCConfigurationList section */
		8051BBA926CC5DED006DC7F4 /* Build configuration list for PBXProject "Pokemon Quiz" */ = {
			isa = XCConfigurationList;
			buildConfigurations = (
				8051BBBB26CC5DF3006DC7F4 /* Debug */,
				8051BBBC26CC5DF3006DC7F4 /* Release */,
			);
			defaultConfigurationIsVisible = 0;
			defaultConfigurationName = Release;
		};
		8051BBBD26CC5DF3006DC7F4 /* Build configuration list for PBXNativeTarget "Pokemon Quiz" */ = {
			isa = XCConfigurationList;
			buildConfigurations = (
				8051BBBE26CC5DF3006DC7F4 /* Debug */,
				8051BBBF26CC5DF3006DC7F4 /* Release */,
			);
			defaultConfigurationIsVisible = 0;
			defaultConfigurationName = Release;
		};
/* End XCConfigurationList section */
	};
	rootObject = 8051BBA626CC5DED006DC7F4 /* Project object */;
}
